// !$*UTF8*$!
{
	archiveVersion = 1;
	classes = {
	};
	objectVersion = 55;
	objects = {

/* Begin PBXBuildFile section */
		565DBD067BBE8CF242A8D601 /* Pods_FrontendAppKit_FrontendAppKitTests.framework in Frameworks */ = {isa = PBXBuildFile; fileRef = 81D33A0A0922C47FAAA31012 /* Pods_FrontendAppKit_FrontendAppKitTests.framework */; };
		6B223BEB2913011800592202 /* PillLabel.swift in Sources */ = {isa = PBXBuildFile; fileRef = 6B223BEA2913011800592202 /* PillLabel.swift */; };
		6B223BF32913048B00592202 /* PillListView.swift in Sources */ = {isa = PBXBuildFile; fileRef = 6B223BF22913048B00592202 /* PillListView.swift */; };
		6B2F62802915EC1000C281AD /* BackgroundView.swift in Sources */ = {isa = PBXBuildFile; fileRef = 6B2F627F2915EC1000C281AD /* BackgroundView.swift */; };
		6B7F5269290DF46600C28F44 /* CustomImageView.swift in Sources */ = {isa = PBXBuildFile; fileRef = 6B7F5268290DF46600C28F44 /* CustomImageView.swift */; };
		6B7F526B290DF95F00C28F44 /* CustomImageButtonView.swift in Sources */ = {isa = PBXBuildFile; fileRef = 6B7F526A290DF95F00C28F44 /* CustomImageButtonView.swift */; };
		6B7F526D290DFBE700C28F44 /* RatingView.swift in Sources */ = {isa = PBXBuildFile; fileRef = 6B7F526C290DFBE700C28F44 /* RatingView.swift */; };
		6B7F526F290E095800C28F44 /* KeyfactView.swift in Sources */ = {isa = PBXBuildFile; fileRef = 6B7F526E290E095800C28F44 /* KeyfactView.swift */; };
		6B8C773C290D69D500317023 /* CollectionViewMovieTableCell.swift in Sources */ = {isa = PBXBuildFile; fileRef = 6B8C773B290D69D500317023 /* CollectionViewMovieTableCell.swift */; };
		6B8C7740290D846E00317023 /* SearchButtonTableCell.swift in Sources */ = {isa = PBXBuildFile; fileRef = 6B8C773F290D846E00317023 /* SearchButtonTableCell.swift */; };
		6B8CE60C290C672D009B8337 /* AppDelegate.swift in Sources */ = {isa = PBXBuildFile; fileRef = 6B8CE60B290C672D009B8337 /* AppDelegate.swift */; };
		6B8CE60E290C672D009B8337 /* SceneDelegate.swift in Sources */ = {isa = PBXBuildFile; fileRef = 6B8CE60D290C672D009B8337 /* SceneDelegate.swift */; };
		6B8CE615290C672F009B8337 /* Assets.xcassets in Resources */ = {isa = PBXBuildFile; fileRef = 6B8CE614290C672F009B8337 /* Assets.xcassets */; };
		6B8CE618290C672F009B8337 /* LaunchScreen.storyboard in Resources */ = {isa = PBXBuildFile; fileRef = 6B8CE616290C672F009B8337 /* LaunchScreen.storyboard */; };
		6B8CE648290C69A9009B8337 /* FrontendAppKit.framework in Frameworks */ = {isa = PBXBuildFile; fileRef = 6B8CE640290C69A8009B8337 /* FrontendAppKit.framework */; };
		6B8CE64F290C69A9009B8337 /* FrontendAppKitTests.swift in Sources */ = {isa = PBXBuildFile; fileRef = 6B8CE64E290C69A9009B8337 /* FrontendAppKitTests.swift */; };
		6B8CE650290C69A9009B8337 /* FrontendAppKit.h in Headers */ = {isa = PBXBuildFile; fileRef = 6B8CE642290C69A9009B8337 /* FrontendAppKit.h */; settings = {ATTRIBUTES = (Public, ); }; };
		6B8CE653290C69A9009B8337 /* FrontendAppKit.framework in Frameworks */ = {isa = PBXBuildFile; fileRef = 6B8CE640290C69A8009B8337 /* FrontendAppKit.framework */; };
		6B8CE654290C69A9009B8337 /* FrontendAppKit.framework in Embed Frameworks */ = {isa = PBXBuildFile; fileRef = 6B8CE640290C69A8009B8337 /* FrontendAppKit.framework */; settings = {ATTRIBUTES = (CodeSignOnCopy, RemoveHeadersOnCopy, ); }; };
		6B8CE660290C69E3009B8337 /* Main.storyboard in Resources */ = {isa = PBXBuildFile; fileRef = 6B8CE65F290C69E3009B8337 /* Main.storyboard */; };
		6B8CE662290C6D34009B8337 /* AppContext.swift in Sources */ = {isa = PBXBuildFile; fileRef = 6B8CE661290C6D34009B8337 /* AppContext.swift */; };
		6B96AA04290D623200046F86 /* MovieCollectionCell.swift in Sources */ = {isa = PBXBuildFile; fileRef = 6B96AA03290D623200046F86 /* MovieCollectionCell.swift */; };
		6BACBF04290C6DCA00419F86 /* CommonKit.h in Headers */ = {isa = PBXBuildFile; fileRef = 6BACBF03290C6DCA00419F86 /* CommonKit.h */; settings = {ATTRIBUTES = (Public, ); }; };
		6BACBF07290C6DCA00419F86 /* CommonKit.framework in Frameworks */ = {isa = PBXBuildFile; fileRef = 6BACBF01290C6DCA00419F86 /* CommonKit.framework */; };
		6BACBF08290C6DCA00419F86 /* CommonKit.framework in Embed Frameworks */ = {isa = PBXBuildFile; fileRef = 6BACBF01290C6DCA00419F86 /* CommonKit.framework */; settings = {ATTRIBUTES = (CodeSignOnCopy, RemoveHeadersOnCopy, ); }; };
		6BACBF0D290C6DD800419F86 /* Swinject+Additions.swift in Sources */ = {isa = PBXBuildFile; fileRef = 6BACBF0C290C6DD800419F86 /* Swinject+Additions.swift */; };
		6BACBF13290C747200419F86 /* SearchTableViewController.swift in Sources */ = {isa = PBXBuildFile; fileRef = 6BACBF12290C747200419F86 /* SearchTableViewController.swift */; };
		6BB36CAE2918486800BD250D /* Home+VM.swift in Sources */ = {isa = PBXBuildFile; fileRef = 6BB36CAD2918486800BD250D /* Home+VM.swift */; };
		6BB36CB22918489A00BD250D /* Home.swift in Sources */ = {isa = PBXBuildFile; fileRef = 6BB36CB12918489A00BD250D /* Home.swift */; };
		6BB36CC42918496000BD250D /* Home+VM+Impl.swift in Sources */ = {isa = PBXBuildFile; fileRef = 6BB36CC32918496000BD250D /* Home+VM+Impl.swift */; };
		6BB36CD929184BC400BD250D /* Movie.swift in Sources */ = {isa = PBXBuildFile; fileRef = 6BB36CD829184BC400BD250D /* Movie.swift */; };
		6BB36CE129184EFC00BD250D /* DataStore.swift in Sources */ = {isa = PBXBuildFile; fileRef = 6BB36CE029184EFC00BD250D /* DataStore.swift */; };
		6BB36CE429184FBE00BD250D /* DataStore+Manager.swift in Sources */ = {isa = PBXBuildFile; fileRef = 6BB36CE329184FBE00BD250D /* DataStore+Manager.swift */; };
		6BB36CE629184FC800BD250D /* DataStore+Manager+Impl.swift in Sources */ = {isa = PBXBuildFile; fileRef = 6BB36CE529184FC800BD250D /* DataStore+Manager+Impl.swift */; };
		6BB36CE829185BC500BD250D /* RootContext.swift in Sources */ = {isa = PBXBuildFile; fileRef = 6BB36CE729185BC500BD250D /* RootContext.swift */; };
		6BC88B8D29180B3400DD9D77 /* CommonControls.swift in Sources */ = {isa = PBXBuildFile; fileRef = 6BC88B8C29180B3400DD9D77 /* CommonControls.swift */; };
		6BC88B922918263600DD9D77 /* SeeAllCollectionCell.swift in Sources */ = {isa = PBXBuildFile; fileRef = 6BC88B912918263600DD9D77 /* SeeAllCollectionCell.swift */; };
		6BCF4CA0290DB11400FB041A /* Details.swift in Sources */ = {isa = PBXBuildFile; fileRef = 6BCF4C9F290DB11400FB041A /* Details.swift */; };
		6BCF4CA2290DB13A00FB041A /* Details+VC.swift in Sources */ = {isa = PBXBuildFile; fileRef = 6BCF4CA1290DB13A00FB041A /* Details+VC.swift */; };
		6BDE135029136EC100E82682 /* RatingCollectionCell.swift in Sources */ = {isa = PBXBuildFile; fileRef = 6BDE134F29136EC100E82682 /* RatingCollectionCell.swift */; };
		6BE33B2829135530005C9DC6 /* SearchViewController.swift in Sources */ = {isa = PBXBuildFile; fileRef = 6BE33B2729135530005C9DC6 /* SearchViewController.swift */; };
		6BE33B2A2913619C005C9DC6 /* RatingButtonView.swift in Sources */ = {isa = PBXBuildFile; fileRef = 6BE33B292913619C005C9DC6 /* RatingButtonView.swift */; };
		6BF2B3D1290C80B900581082 /* HomeViewController.swift in Sources */ = {isa = PBXBuildFile; fileRef = 6BF2B3D0290C80B900581082 /* HomeViewController.swift */; };
		6BF2B3D4290C886F00581082 /* MovieTableCell.swift in Sources */ = {isa = PBXBuildFile; fileRef = 6BF2B3D3290C886F00581082 /* MovieTableCell.swift */; };
		6BF2B3D8290C91E700581082 /* FavoritesButton.swift in Sources */ = {isa = PBXBuildFile; fileRef = 6BF2B3D7290C91E700581082 /* FavoritesButton.swift */; };
		6BF2B3DA290C99B000581082 /* TestVCViewController.swift in Sources */ = {isa = PBXBuildFile; fileRef = 6BF2B3D9290C99B000581082 /* TestVCViewController.swift */; };
		6BF2B3DC290C9E2800581082 /* Assets.xcassets in Resources */ = {isa = PBXBuildFile; fileRef = 6BF2B3DB290C9E2800581082 /* Assets.xcassets */; };
		6BF2B3DF290CA04100581082 /* Styles.swift in Sources */ = {isa = PBXBuildFile; fileRef = 6BF2B3DE290CA04100581082 /* Styles.swift */; };
		6BF2B409290CAD9C00581082 /* Colors.xcassets in Resources */ = {isa = PBXBuildFile; fileRef = 6BF2B408290CAD9C00581082 /* Colors.xcassets */; };
		D8900C6EE2EB8EF8B3C89694 /* Pods_CommonKit.framework in Frameworks */ = {isa = PBXBuildFile; fileRef = C314D7655467D452DB98A5EA /* Pods_CommonKit.framework */; };
		F436AF51FB2E06F4FEC14FE7 /* Pods_MovieBuff.framework in Frameworks */ = {isa = PBXBuildFile; fileRef = D66FCCF2CE11A57695AC8B84 /* Pods_MovieBuff.framework */; };
		FCCF40E636F4A2B4A870055D /* Pods_FrontendAppKit.framework in Frameworks */ = {isa = PBXBuildFile; fileRef = 4CAE310CA7D5DCC0E9C918EA /* Pods_FrontendAppKit.framework */; };
/* End PBXBuildFile section */

/* Begin PBXContainerItemProxy section */
		6B8CE649290C69A9009B8337 /* PBXContainerItemProxy */ = {
			isa = PBXContainerItemProxy;
			containerPortal = 6B8CE600290C672D009B8337 /* Project object */;
			proxyType = 1;
			remoteGlobalIDString = 6B8CE63F290C69A8009B8337;
			remoteInfo = FrontendAppKit;
		};
		6B8CE64B290C69A9009B8337 /* PBXContainerItemProxy */ = {
			isa = PBXContainerItemProxy;
			containerPortal = 6B8CE600290C672D009B8337 /* Project object */;
			proxyType = 1;
			remoteGlobalIDString = 6B8CE607290C672D009B8337;
			remoteInfo = MovieBuff;
		};
		6B8CE651290C69A9009B8337 /* PBXContainerItemProxy */ = {
			isa = PBXContainerItemProxy;
			containerPortal = 6B8CE600290C672D009B8337 /* Project object */;
			proxyType = 1;
			remoteGlobalIDString = 6B8CE63F290C69A8009B8337;
			remoteInfo = FrontendAppKit;
		};
		6BACBF05290C6DCA00419F86 /* PBXContainerItemProxy */ = {
			isa = PBXContainerItemProxy;
			containerPortal = 6B8CE600290C672D009B8337 /* Project object */;
			proxyType = 1;
			remoteGlobalIDString = 6BACBF00290C6DCA00419F86;
			remoteInfo = CommonKit;
		};
/* End PBXContainerItemProxy section */

/* Begin PBXCopyFilesBuildPhase section */
		6B8CE658290C69A9009B8337 /* Embed Frameworks */ = {
			isa = PBXCopyFilesBuildPhase;
			buildActionMask = 2147483647;
			dstPath = "";
			dstSubfolderSpec = 10;
			files = (
				6BACBF08290C6DCA00419F86 /* CommonKit.framework in Embed Frameworks */,
				6B8CE654290C69A9009B8337 /* FrontendAppKit.framework in Embed Frameworks */,
			);
			name = "Embed Frameworks";
			runOnlyForDeploymentPostprocessing = 0;
		};
/* End PBXCopyFilesBuildPhase section */

/* Begin PBXFileReference section */
		2C546FE926E091F4692BB92E /* Pods-MovieBuff.debug.xcconfig */ = {isa = PBXFileReference; includeInIndex = 1; lastKnownFileType = text.xcconfig; name = "Pods-MovieBuff.debug.xcconfig"; path = "Target Support Files/Pods-MovieBuff/Pods-MovieBuff.debug.xcconfig"; sourceTree = "<group>"; };
		3AC6026DDC7493F6C1F40E13 /* Pods-FrontendAppKit-FrontendAppKitTests.release.xcconfig */ = {isa = PBXFileReference; includeInIndex = 1; lastKnownFileType = text.xcconfig; name = "Pods-FrontendAppKit-FrontendAppKitTests.release.xcconfig"; path = "Target Support Files/Pods-FrontendAppKit-FrontendAppKitTests/Pods-FrontendAppKit-FrontendAppKitTests.release.xcconfig"; sourceTree = "<group>"; };
		4CAE310CA7D5DCC0E9C918EA /* Pods_FrontendAppKit.framework */ = {isa = PBXFileReference; explicitFileType = wrapper.framework; includeInIndex = 0; path = Pods_FrontendAppKit.framework; sourceTree = BUILT_PRODUCTS_DIR; };
		59B8C216DCB9B5A95720EDD2 /* Pods-CommonKit.debug.xcconfig */ = {isa = PBXFileReference; includeInIndex = 1; lastKnownFileType = text.xcconfig; name = "Pods-CommonKit.debug.xcconfig"; path = "Target Support Files/Pods-CommonKit/Pods-CommonKit.debug.xcconfig"; sourceTree = "<group>"; };
		6B223BEA2913011800592202 /* PillLabel.swift */ = {isa = PBXFileReference; lastKnownFileType = sourcecode.swift; path = PillLabel.swift; sourceTree = "<group>"; };
		6B223BF22913048B00592202 /* PillListView.swift */ = {isa = PBXFileReference; lastKnownFileType = sourcecode.swift; path = PillListView.swift; sourceTree = "<group>"; };
		6B2F627F2915EC1000C281AD /* BackgroundView.swift */ = {isa = PBXFileReference; lastKnownFileType = sourcecode.swift; path = BackgroundView.swift; sourceTree = "<group>"; };
		6B7F5268290DF46600C28F44 /* CustomImageView.swift */ = {isa = PBXFileReference; lastKnownFileType = sourcecode.swift; path = CustomImageView.swift; sourceTree = "<group>"; };
		6B7F526A290DF95F00C28F44 /* CustomImageButtonView.swift */ = {isa = PBXFileReference; lastKnownFileType = sourcecode.swift; path = CustomImageButtonView.swift; sourceTree = "<group>"; };
		6B7F526C290DFBE700C28F44 /* RatingView.swift */ = {isa = PBXFileReference; lastKnownFileType = sourcecode.swift; path = RatingView.swift; sourceTree = "<group>"; };
		6B7F526E290E095800C28F44 /* KeyfactView.swift */ = {isa = PBXFileReference; lastKnownFileType = sourcecode.swift; path = KeyfactView.swift; sourceTree = "<group>"; };
		6B8C773B290D69D500317023 /* CollectionViewMovieTableCell.swift */ = {isa = PBXFileReference; lastKnownFileType = sourcecode.swift; path = CollectionViewMovieTableCell.swift; sourceTree = "<group>"; };
		6B8C773F290D846E00317023 /* SearchButtonTableCell.swift */ = {isa = PBXFileReference; lastKnownFileType = sourcecode.swift; path = SearchButtonTableCell.swift; sourceTree = "<group>"; };
		6B8CE608290C672D009B8337 /* MovieBuff.app */ = {isa = PBXFileReference; explicitFileType = wrapper.application; includeInIndex = 0; path = MovieBuff.app; sourceTree = BUILT_PRODUCTS_DIR; };
		6B8CE60B290C672D009B8337 /* AppDelegate.swift */ = {isa = PBXFileReference; lastKnownFileType = sourcecode.swift; path = AppDelegate.swift; sourceTree = "<group>"; };
		6B8CE60D290C672D009B8337 /* SceneDelegate.swift */ = {isa = PBXFileReference; lastKnownFileType = sourcecode.swift; path = SceneDelegate.swift; sourceTree = "<group>"; };
		6B8CE614290C672F009B8337 /* Assets.xcassets */ = {isa = PBXFileReference; lastKnownFileType = folder.assetcatalog; path = Assets.xcassets; sourceTree = "<group>"; };
		6B8CE617290C672F009B8337 /* Base */ = {isa = PBXFileReference; lastKnownFileType = file.storyboard; name = Base; path = Base.lproj/LaunchScreen.storyboard; sourceTree = "<group>"; };
		6B8CE619290C672F009B8337 /* Info.plist */ = {isa = PBXFileReference; lastKnownFileType = text.plist.xml; path = Info.plist; sourceTree = "<group>"; };
		6B8CE640290C69A8009B8337 /* FrontendAppKit.framework */ = {isa = PBXFileReference; explicitFileType = wrapper.framework; includeInIndex = 0; path = FrontendAppKit.framework; sourceTree = BUILT_PRODUCTS_DIR; };
		6B8CE642290C69A9009B8337 /* FrontendAppKit.h */ = {isa = PBXFileReference; lastKnownFileType = sourcecode.c.h; path = FrontendAppKit.h; sourceTree = "<group>"; };
		6B8CE647290C69A9009B8337 /* FrontendAppKitTests.xctest */ = {isa = PBXFileReference; explicitFileType = wrapper.cfbundle; includeInIndex = 0; path = FrontendAppKitTests.xctest; sourceTree = BUILT_PRODUCTS_DIR; };
		6B8CE64E290C69A9009B8337 /* FrontendAppKitTests.swift */ = {isa = PBXFileReference; lastKnownFileType = sourcecode.swift; path = FrontendAppKitTests.swift; sourceTree = "<group>"; };
		6B8CE65F290C69E3009B8337 /* Main.storyboard */ = {isa = PBXFileReference; lastKnownFileType = file.storyboard; path = Main.storyboard; sourceTree = "<group>"; };
		6B8CE661290C6D34009B8337 /* AppContext.swift */ = {isa = PBXFileReference; lastKnownFileType = sourcecode.swift; path = AppContext.swift; sourceTree = "<group>"; };
		6B96AA03290D623200046F86 /* MovieCollectionCell.swift */ = {isa = PBXFileReference; lastKnownFileType = sourcecode.swift; path = MovieCollectionCell.swift; sourceTree = "<group>"; };
		6BACBF01290C6DCA00419F86 /* CommonKit.framework */ = {isa = PBXFileReference; explicitFileType = wrapper.framework; includeInIndex = 0; path = CommonKit.framework; sourceTree = BUILT_PRODUCTS_DIR; };
		6BACBF03290C6DCA00419F86 /* CommonKit.h */ = {isa = PBXFileReference; lastKnownFileType = sourcecode.c.h; path = CommonKit.h; sourceTree = "<group>"; };
		6BACBF0C290C6DD800419F86 /* Swinject+Additions.swift */ = {isa = PBXFileReference; lastKnownFileType = sourcecode.swift; path = "Swinject+Additions.swift"; sourceTree = "<group>"; };
		6BACBF12290C747200419F86 /* SearchTableViewController.swift */ = {isa = PBXFileReference; lastKnownFileType = sourcecode.swift; path = SearchTableViewController.swift; sourceTree = "<group>"; };
		6BB36CAD2918486800BD250D /* Home+VM.swift */ = {isa = PBXFileReference; lastKnownFileType = sourcecode.swift; path = "Home+VM.swift"; sourceTree = "<group>"; };
		6BB36CB12918489A00BD250D /* Home.swift */ = {isa = PBXFileReference; lastKnownFileType = sourcecode.swift; path = Home.swift; sourceTree = "<group>"; };
		6BB36CC32918496000BD250D /* Home+VM+Impl.swift */ = {isa = PBXFileReference; lastKnownFileType = sourcecode.swift; path = "Home+VM+Impl.swift"; sourceTree = "<group>"; };
		6BB36CD829184BC400BD250D /* Movie.swift */ = {isa = PBXFileReference; lastKnownFileType = sourcecode.swift; path = Movie.swift; sourceTree = "<group>"; };
		6BB36CE029184EFC00BD250D /* DataStore.swift */ = {isa = PBXFileReference; lastKnownFileType = sourcecode.swift; path = DataStore.swift; sourceTree = "<group>"; };
		6BB36CE329184FBE00BD250D /* DataStore+Manager.swift */ = {isa = PBXFileReference; lastKnownFileType = sourcecode.swift; path = "DataStore+Manager.swift"; sourceTree = "<group>"; };
		6BB36CE529184FC800BD250D /* DataStore+Manager+Impl.swift */ = {isa = PBXFileReference; lastKnownFileType = sourcecode.swift; path = "DataStore+Manager+Impl.swift"; sourceTree = "<group>"; };
		6BB36CE729185BC500BD250D /* RootContext.swift */ = {isa = PBXFileReference; lastKnownFileType = sourcecode.swift; path = RootContext.swift; sourceTree = "<group>"; };
		6BC88B8C29180B3400DD9D77 /* CommonControls.swift */ = {isa = PBXFileReference; lastKnownFileType = sourcecode.swift; path = CommonControls.swift; sourceTree = "<group>"; };
		6BC88B912918263600DD9D77 /* SeeAllCollectionCell.swift */ = {isa = PBXFileReference; lastKnownFileType = sourcecode.swift; path = SeeAllCollectionCell.swift; sourceTree = "<group>"; };
		6BCF4C9F290DB11400FB041A /* Details.swift */ = {isa = PBXFileReference; lastKnownFileType = sourcecode.swift; path = Details.swift; sourceTree = "<group>"; };
		6BCF4CA1290DB13A00FB041A /* Details+VC.swift */ = {isa = PBXFileReference; lastKnownFileType = sourcecode.swift; path = "Details+VC.swift"; sourceTree = "<group>"; };
		6BDE134F29136EC100E82682 /* RatingCollectionCell.swift */ = {isa = PBXFileReference; lastKnownFileType = sourcecode.swift; path = RatingCollectionCell.swift; sourceTree = "<group>"; };
		6BE33B2729135530005C9DC6 /* SearchViewController.swift */ = {isa = PBXFileReference; lastKnownFileType = sourcecode.swift; path = SearchViewController.swift; sourceTree = "<group>"; };
		6BE33B292913619C005C9DC6 /* RatingButtonView.swift */ = {isa = PBXFileReference; lastKnownFileType = sourcecode.swift; path = RatingButtonView.swift; sourceTree = "<group>"; };
		6BF2B3D0290C80B900581082 /* HomeViewController.swift */ = {isa = PBXFileReference; lastKnownFileType = sourcecode.swift; path = HomeViewController.swift; sourceTree = "<group>"; };
		6BF2B3D3290C886F00581082 /* MovieTableCell.swift */ = {isa = PBXFileReference; lastKnownFileType = sourcecode.swift; path = MovieTableCell.swift; sourceTree = "<group>"; };
		6BF2B3D7290C91E700581082 /* FavoritesButton.swift */ = {isa = PBXFileReference; lastKnownFileType = sourcecode.swift; path = FavoritesButton.swift; sourceTree = "<group>"; };
		6BF2B3D9290C99B000581082 /* TestVCViewController.swift */ = {isa = PBXFileReference; lastKnownFileType = sourcecode.swift; path = TestVCViewController.swift; sourceTree = "<group>"; };
		6BF2B3DB290C9E2800581082 /* Assets.xcassets */ = {isa = PBXFileReference; lastKnownFileType = folder.assetcatalog; path = Assets.xcassets; sourceTree = "<group>"; };
		6BF2B3DE290CA04100581082 /* Styles.swift */ = {isa = PBXFileReference; lastKnownFileType = sourcecode.swift; path = Styles.swift; sourceTree = "<group>"; };
		6BF2B408290CAD9C00581082 /* Colors.xcassets */ = {isa = PBXFileReference; lastKnownFileType = folder.assetcatalog; path = Colors.xcassets; sourceTree = "<group>"; };
		81D33A0A0922C47FAAA31012 /* Pods_FrontendAppKit_FrontendAppKitTests.framework */ = {isa = PBXFileReference; explicitFileType = wrapper.framework; includeInIndex = 0; path = Pods_FrontendAppKit_FrontendAppKitTests.framework; sourceTree = BUILT_PRODUCTS_DIR; };
		87C52ACD176435EFC7043230 /* Pods-FrontendAppKit.release.xcconfig */ = {isa = PBXFileReference; includeInIndex = 1; lastKnownFileType = text.xcconfig; name = "Pods-FrontendAppKit.release.xcconfig"; path = "Target Support Files/Pods-FrontendAppKit/Pods-FrontendAppKit.release.xcconfig"; sourceTree = "<group>"; };
		9FA264000C702C4E62268B43 /* Pods-MovieBuff.release.xcconfig */ = {isa = PBXFileReference; includeInIndex = 1; lastKnownFileType = text.xcconfig; name = "Pods-MovieBuff.release.xcconfig"; path = "Target Support Files/Pods-MovieBuff/Pods-MovieBuff.release.xcconfig"; sourceTree = "<group>"; };
		AC74A0F2ED4C2ACEDA207C0D /* Pods-FrontendAppKit-FrontendAppKitTests.debug.xcconfig */ = {isa = PBXFileReference; includeInIndex = 1; lastKnownFileType = text.xcconfig; name = "Pods-FrontendAppKit-FrontendAppKitTests.debug.xcconfig"; path = "Target Support Files/Pods-FrontendAppKit-FrontendAppKitTests/Pods-FrontendAppKit-FrontendAppKitTests.debug.xcconfig"; sourceTree = "<group>"; };
		C314D7655467D452DB98A5EA /* Pods_CommonKit.framework */ = {isa = PBXFileReference; explicitFileType = wrapper.framework; includeInIndex = 0; path = Pods_CommonKit.framework; sourceTree = BUILT_PRODUCTS_DIR; };
		D66FCCF2CE11A57695AC8B84 /* Pods_MovieBuff.framework */ = {isa = PBXFileReference; explicitFileType = wrapper.framework; includeInIndex = 0; path = Pods_MovieBuff.framework; sourceTree = BUILT_PRODUCTS_DIR; };
		E68AFE5FD5E4CF9D8622F30B /* Pods-CommonKit.release.xcconfig */ = {isa = PBXFileReference; includeInIndex = 1; lastKnownFileType = text.xcconfig; name = "Pods-CommonKit.release.xcconfig"; path = "Target Support Files/Pods-CommonKit/Pods-CommonKit.release.xcconfig"; sourceTree = "<group>"; };
		F574F8F61F5D862565477E03 /* Pods-FrontendAppKit.debug.xcconfig */ = {isa = PBXFileReference; includeInIndex = 1; lastKnownFileType = text.xcconfig; name = "Pods-FrontendAppKit.debug.xcconfig"; path = "Target Support Files/Pods-FrontendAppKit/Pods-FrontendAppKit.debug.xcconfig"; sourceTree = "<group>"; };
/* End PBXFileReference section */

/* Begin PBXFrameworksBuildPhase section */
		6B8CE605290C672D009B8337 /* Frameworks */ = {
			isa = PBXFrameworksBuildPhase;
			buildActionMask = 2147483647;
			files = (
				6BACBF07290C6DCA00419F86 /* CommonKit.framework in Frameworks */,
				6B8CE653290C69A9009B8337 /* FrontendAppKit.framework in Frameworks */,
				F436AF51FB2E06F4FEC14FE7 /* Pods_MovieBuff.framework in Frameworks */,
			);
			runOnlyForDeploymentPostprocessing = 0;
		};
		6B8CE63D290C69A8009B8337 /* Frameworks */ = {
			isa = PBXFrameworksBuildPhase;
			buildActionMask = 2147483647;
			files = (
				FCCF40E636F4A2B4A870055D /* Pods_FrontendAppKit.framework in Frameworks */,
			);
			runOnlyForDeploymentPostprocessing = 0;
		};
		6B8CE644290C69A9009B8337 /* Frameworks */ = {
			isa = PBXFrameworksBuildPhase;
			buildActionMask = 2147483647;
			files = (
				6B8CE648290C69A9009B8337 /* FrontendAppKit.framework in Frameworks */,
				565DBD067BBE8CF242A8D601 /* Pods_FrontendAppKit_FrontendAppKitTests.framework in Frameworks */,
			);
			runOnlyForDeploymentPostprocessing = 0;
		};
		6BACBEFE290C6DCA00419F86 /* Frameworks */ = {
			isa = PBXFrameworksBuildPhase;
			buildActionMask = 2147483647;
			files = (
				D8900C6EE2EB8EF8B3C89694 /* Pods_CommonKit.framework in Frameworks */,
			);
			runOnlyForDeploymentPostprocessing = 0;
		};
/* End PBXFrameworksBuildPhase section */

/* Begin PBXGroup section */
		14DDB7A686DFDEE1223D0C4C /* Pods */ = {
			isa = PBXGroup;
			children = (
				59B8C216DCB9B5A95720EDD2 /* Pods-CommonKit.debug.xcconfig */,
				E68AFE5FD5E4CF9D8622F30B /* Pods-CommonKit.release.xcconfig */,
				F574F8F61F5D862565477E03 /* Pods-FrontendAppKit.debug.xcconfig */,
				87C52ACD176435EFC7043230 /* Pods-FrontendAppKit.release.xcconfig */,
				AC74A0F2ED4C2ACEDA207C0D /* Pods-FrontendAppKit-FrontendAppKitTests.debug.xcconfig */,
				3AC6026DDC7493F6C1F40E13 /* Pods-FrontendAppKit-FrontendAppKitTests.release.xcconfig */,
				2C546FE926E091F4692BB92E /* Pods-MovieBuff.debug.xcconfig */,
				9FA264000C702C4E62268B43 /* Pods-MovieBuff.release.xcconfig */,
			);
			path = Pods;
			sourceTree = "<group>";
		};
		1C175CFD37C88493AAAA6DA4 /* Frameworks */ = {
			isa = PBXGroup;
			children = (
				C314D7655467D452DB98A5EA /* Pods_CommonKit.framework */,
				4CAE310CA7D5DCC0E9C918EA /* Pods_FrontendAppKit.framework */,
				81D33A0A0922C47FAAA31012 /* Pods_FrontendAppKit_FrontendAppKitTests.framework */,
				D66FCCF2CE11A57695AC8B84 /* Pods_MovieBuff.framework */,
			);
			name = Frameworks;
			sourceTree = "<group>";
		};
		6B886B602915BA7800433CC2 /* TableCells */ = {
			isa = PBXGroup;
			children = (
				6B8C773B290D69D500317023 /* CollectionViewMovieTableCell.swift */,
				6BF2B3D3290C886F00581082 /* MovieTableCell.swift */,
				6B8C773F290D846E00317023 /* SearchButtonTableCell.swift */,
			);
			path = TableCells;
			sourceTree = "<group>";
		};
		6B8CE5FF290C672D009B8337 = {
			isa = PBXGroup;
			children = (
				6BACBF02290C6DCA00419F86 /* CommonKit */,
				6B8CE641290C69A9009B8337 /* FrontendAppKit */,
				6B8CE64D290C69A9009B8337 /* FrontendAppKitTests */,
				6B8CE60A290C672D009B8337 /* MovieBuff */,
				6B8CE609290C672D009B8337 /* Products */,
				14DDB7A686DFDEE1223D0C4C /* Pods */,
				1C175CFD37C88493AAAA6DA4 /* Frameworks */,
			);
			sourceTree = "<group>";
		};
		6B8CE609290C672D009B8337 /* Products */ = {
			isa = PBXGroup;
			children = (
				6B8CE608290C672D009B8337 /* MovieBuff.app */,
				6B8CE640290C69A8009B8337 /* FrontendAppKit.framework */,
				6B8CE647290C69A9009B8337 /* FrontendAppKitTests.xctest */,
				6BACBF01290C6DCA00419F86 /* CommonKit.framework */,
			);
			name = Products;
			sourceTree = "<group>";
		};
		6B8CE60A290C672D009B8337 /* MovieBuff */ = {
			isa = PBXGroup;
			children = (
				6B8CE661290C6D34009B8337 /* AppContext.swift */,
				6B8CE60B290C672D009B8337 /* AppDelegate.swift */,
				6B8CE60D290C672D009B8337 /* SceneDelegate.swift */,
				6B8CE614290C672F009B8337 /* Assets.xcassets */,
				6B8CE616290C672F009B8337 /* LaunchScreen.storyboard */,
				6B8CE619290C672F009B8337 /* Info.plist */,
			);
			path = MovieBuff;
			sourceTree = "<group>";
		};
		6B8CE641290C69A9009B8337 /* FrontendAppKit */ = {
			isa = PBXGroup;
			children = (
				6BB36CD729184BB400BD250D /* Movie */,
				6BF2B40A290CAE7E00581082 /* CommonControls */,
				6BCF4C9E290DB0DF00FB041A /* Details */,
				6BF2B3CF290C7F6900581082 /* Home */,
				6BACBF11290C746100419F86 /* Search */,
				6B8CE65C290C69C0009B8337 /* Resources */,
				6BF2B3DD290CA03500581082 /* Styles */,
				6B8CE642290C69A9009B8337 /* FrontendAppKit.h */,
				6BF2B3D9290C99B000581082 /* TestVCViewController.swift */,
				6BB36CE729185BC500BD250D /* RootContext.swift */,
			);
			path = FrontendAppKit;
			sourceTree = "<group>";
		};
		6B8CE64D290C69A9009B8337 /* FrontendAppKitTests */ = {
			isa = PBXGroup;
			children = (
				6B8CE64E290C69A9009B8337 /* FrontendAppKitTests.swift */,
			);
			path = FrontendAppKitTests;
			sourceTree = "<group>";
		};
		6B8CE65C290C69C0009B8337 /* Resources */ = {
			isa = PBXGroup;
			children = (
				6BF2B3DB290C9E2800581082 /* Assets.xcassets */,
				6BF2B408290CAD9C00581082 /* Colors.xcassets */,
				6B8CE65F290C69E3009B8337 /* Main.storyboard */,
			);
			path = Resources;
			sourceTree = "<group>";
		};
		6BACBF02290C6DCA00419F86 /* CommonKit */ = {
			isa = PBXGroup;
			children = (
				6BACBF03290C6DCA00419F86 /* CommonKit.h */,
				6BACBF0C290C6DD800419F86 /* Swinject+Additions.swift */,
			);
			path = CommonKit;
			sourceTree = "<group>";
		};
		6BACBF11290C746100419F86 /* Search */ = {
			isa = PBXGroup;
			children = (
				6BE33B2729135530005C9DC6 /* SearchViewController.swift */,
				6BACBF12290C747200419F86 /* SearchTableViewController.swift */,
			);
			path = Search;
			sourceTree = "<group>";
		};
		6BB36CD729184BB400BD250D /* Movie */ = {
			isa = PBXGroup;
			children = (
				6BB36CE229184FAF00BD250D /* DataStore */,
				6BB36CD829184BC400BD250D /* Movie.swift */,
			);
			path = Movie;
			sourceTree = "<group>";
		};
		6BB36CE229184FAF00BD250D /* DataStore */ = {
			isa = PBXGroup;
			children = (
				6BB36CE029184EFC00BD250D /* DataStore.swift */,
				6BB36CE329184FBE00BD250D /* DataStore+Manager.swift */,
				6BB36CE529184FC800BD250D /* DataStore+Manager+Impl.swift */,
			);
			path = DataStore;
			sourceTree = "<group>";
		};
		6BC88B8E2918142800DD9D77 /* CollectionViewCells */ = {
			isa = PBXGroup;
			children = (
				6B96AA03290D623200046F86 /* MovieCollectionCell.swift */,
				6BC88B912918263600DD9D77 /* SeeAllCollectionCell.swift */,
				6BDE134F29136EC100E82682 /* RatingCollectionCell.swift */,
			);
			path = CollectionViewCells;
			sourceTree = "<group>";
		};
		6BCF4C9E290DB0DF00FB041A /* Details */ = {
			isa = PBXGroup;
			children = (
				6BCF4C9F290DB11400FB041A /* Details.swift */,
				6BCF4CA1290DB13A00FB041A /* Details+VC.swift */,
			);
			path = Details;
			sourceTree = "<group>";
		};
		6BF2B3CF290C7F6900581082 /* Home */ = {
			isa = PBXGroup;
			children = (
				6BB36CB12918489A00BD250D /* Home.swift */,
				6BF2B3D0290C80B900581082 /* HomeViewController.swift */,
				6BB36CAD2918486800BD250D /* Home+VM.swift */,
				6BB36CC32918496000BD250D /* Home+VM+Impl.swift */,
			);
			path = Home;
			sourceTree = "<group>";
		};
		6BF2B3DD290CA03500581082 /* Styles */ = {
			isa = PBXGroup;
			children = (
				6BF2B3DE290CA04100581082 /* Styles.swift */,
			);
			path = Styles;
			sourceTree = "<group>";
		};
		6BF2B40A290CAE7E00581082 /* CommonControls */ = {
			isa = PBXGroup;
			children = (
				6BC88B8E2918142800DD9D77 /* CollectionViewCells */,
				6B886B602915BA7800433CC2 /* TableCells */,
				6BC88B8C29180B3400DD9D77 /* CommonControls.swift */,
				6BF2B3D7290C91E700581082 /* FavoritesButton.swift */,
				6B7F5268290DF46600C28F44 /* CustomImageView.swift */,
				6B7F526A290DF95F00C28F44 /* CustomImageButtonView.swift */,
				6B7F526C290DFBE700C28F44 /* RatingView.swift */,
				6BE33B292913619C005C9DC6 /* RatingButtonView.swift */,
				6B7F526E290E095800C28F44 /* KeyfactView.swift */,
				6B223BEA2913011800592202 /* PillLabel.swift */,
				6B223BF22913048B00592202 /* PillListView.swift */,
				6B2F627F2915EC1000C281AD /* BackgroundView.swift */,
			);
			path = CommonControls;
			sourceTree = "<group>";
		};
/* End PBXGroup section */

/* Begin PBXHeadersBuildPhase section */
		6B8CE63B290C69A8009B8337 /* Headers */ = {
			isa = PBXHeadersBuildPhase;
			buildActionMask = 2147483647;
			files = (
				6B8CE650290C69A9009B8337 /* FrontendAppKit.h in Headers */,
			);
			runOnlyForDeploymentPostprocessing = 0;
		};
		6BACBEFC290C6DCA00419F86 /* Headers */ = {
			isa = PBXHeadersBuildPhase;
			buildActionMask = 2147483647;
			files = (
				6BACBF04290C6DCA00419F86 /* CommonKit.h in Headers */,
			);
			runOnlyForDeploymentPostprocessing = 0;
		};
/* End PBXHeadersBuildPhase section */

/* Begin PBXNativeTarget section */
		6B8CE607290C672D009B8337 /* MovieBuff */ = {
			isa = PBXNativeTarget;
			buildConfigurationList = 6B8CE632290C6730009B8337 /* Build configuration list for PBXNativeTarget "MovieBuff" */;
			buildPhases = (
				9719FCAA0D9233E8490B0180 /* [CP] Check Pods Manifest.lock */,
				6B8CE604290C672D009B8337 /* Sources */,
				6B8CE605290C672D009B8337 /* Frameworks */,
				6B8CE606290C672D009B8337 /* Resources */,
				6B8CE658290C69A9009B8337 /* Embed Frameworks */,
				DF9BE4B0E3B4E31B8E4BA5BB /* [CP] Embed Pods Frameworks */,
			);
			buildRules = (
			);
			dependencies = (
				6B8CE652290C69A9009B8337 /* PBXTargetDependency */,
				6BACBF06290C6DCA00419F86 /* PBXTargetDependency */,
			);
			name = MovieBuff;
			productName = MovieBuff;
			productReference = 6B8CE608290C672D009B8337 /* MovieBuff.app */;
			productType = "com.apple.product-type.application";
		};
		6B8CE63F290C69A8009B8337 /* FrontendAppKit */ = {
			isa = PBXNativeTarget;
			buildConfigurationList = 6B8CE655290C69A9009B8337 /* Build configuration list for PBXNativeTarget "FrontendAppKit" */;
			buildPhases = (
				FB3DC51C837E7ECCC583177F /* [CP] Check Pods Manifest.lock */,
				6B8CE63B290C69A8009B8337 /* Headers */,
				6B8CE63C290C69A8009B8337 /* Sources */,
				6B8CE63D290C69A8009B8337 /* Frameworks */,
				6B8CE63E290C69A8009B8337 /* Resources */,
			);
			buildRules = (
			);
			dependencies = (
			);
			name = FrontendAppKit;
			productName = FrontendAppKit;
			productReference = 6B8CE640290C69A8009B8337 /* FrontendAppKit.framework */;
			productType = "com.apple.product-type.framework";
		};
		6B8CE646290C69A9009B8337 /* FrontendAppKitTests */ = {
			isa = PBXNativeTarget;
			buildConfigurationList = 6B8CE659290C69A9009B8337 /* Build configuration list for PBXNativeTarget "FrontendAppKitTests" */;
			buildPhases = (
				3F8A2FE68BD7E0C5AEDEE69B /* [CP] Check Pods Manifest.lock */,
				6B8CE643290C69A9009B8337 /* Sources */,
				6B8CE644290C69A9009B8337 /* Frameworks */,
				6B8CE645290C69A9009B8337 /* Resources */,
				C872DFFB7AD2D0468457840C /* [CP] Embed Pods Frameworks */,
			);
			buildRules = (
			);
			dependencies = (
				6B8CE64A290C69A9009B8337 /* PBXTargetDependency */,
				6B8CE64C290C69A9009B8337 /* PBXTargetDependency */,
			);
			name = FrontendAppKitTests;
			productName = FrontendAppKitTests;
			productReference = 6B8CE647290C69A9009B8337 /* FrontendAppKitTests.xctest */;
			productType = "com.apple.product-type.bundle.unit-test";
		};
		6BACBF00290C6DCA00419F86 /* CommonKit */ = {
			isa = PBXNativeTarget;
			buildConfigurationList = 6BACBF0B290C6DCA00419F86 /* Build configuration list for PBXNativeTarget "CommonKit" */;
			buildPhases = (
				6141ECBE4BB9368B4E779C28 /* [CP] Check Pods Manifest.lock */,
				6BACBEFC290C6DCA00419F86 /* Headers */,
				6BACBEFD290C6DCA00419F86 /* Sources */,
				6BACBEFE290C6DCA00419F86 /* Frameworks */,
				6BACBEFF290C6DCA00419F86 /* Resources */,
			);
			buildRules = (
			);
			dependencies = (
			);
			name = CommonKit;
			productName = CommonKit;
			productReference = 6BACBF01290C6DCA00419F86 /* CommonKit.framework */;
			productType = "com.apple.product-type.framework";
		};
/* End PBXNativeTarget section */

/* Begin PBXProject section */
		6B8CE600290C672D009B8337 /* Project object */ = {
			isa = PBXProject;
			attributes = {
				BuildIndependentTargetsInParallel = 1;
				LastSwiftUpdateCheck = 1340;
				LastUpgradeCheck = 1340;
				TargetAttributes = {
					6B8CE607290C672D009B8337 = {
						CreatedOnToolsVersion = 13.4.1;
					};
					6B8CE63F290C69A8009B8337 = {
						CreatedOnToolsVersion = 13.4.1;
						LastSwiftMigration = 1340;
					};
					6B8CE646290C69A9009B8337 = {
						CreatedOnToolsVersion = 13.4.1;
						TestTargetID = 6B8CE607290C672D009B8337;
					};
					6BACBF00290C6DCA00419F86 = {
						CreatedOnToolsVersion = 13.4.1;
						LastSwiftMigration = 1340;
					};
				};
			};
			buildConfigurationList = 6B8CE603290C672D009B8337 /* Build configuration list for PBXProject "MovieBuff" */;
			compatibilityVersion = "Xcode 13.0";
			developmentRegion = en;
			hasScannedForEncodings = 0;
			knownRegions = (
				en,
				Base,
			);
			mainGroup = 6B8CE5FF290C672D009B8337;
			productRefGroup = 6B8CE609290C672D009B8337 /* Products */;
			projectDirPath = "";
			projectRoot = "";
			targets = (
				6B8CE607290C672D009B8337 /* MovieBuff */,
				6B8CE63F290C69A8009B8337 /* FrontendAppKit */,
				6B8CE646290C69A9009B8337 /* FrontendAppKitTests */,
				6BACBF00290C6DCA00419F86 /* CommonKit */,
			);
		};
/* End PBXProject section */

/* Begin PBXResourcesBuildPhase section */
		6B8CE606290C672D009B8337 /* Resources */ = {
			isa = PBXResourcesBuildPhase;
			buildActionMask = 2147483647;
			files = (
				6B8CE618290C672F009B8337 /* LaunchScreen.storyboard in Resources */,
				6B8CE615290C672F009B8337 /* Assets.xcassets in Resources */,
			);
			runOnlyForDeploymentPostprocessing = 0;
		};
		6B8CE63E290C69A8009B8337 /* Resources */ = {
			isa = PBXResourcesBuildPhase;
			buildActionMask = 2147483647;
			files = (
				6BF2B409290CAD9C00581082 /* Colors.xcassets in Resources */,
				6BF2B3DC290C9E2800581082 /* Assets.xcassets in Resources */,
				6B8CE660290C69E3009B8337 /* Main.storyboard in Resources */,
			);
			runOnlyForDeploymentPostprocessing = 0;
		};
		6B8CE645290C69A9009B8337 /* Resources */ = {
			isa = PBXResourcesBuildPhase;
			buildActionMask = 2147483647;
			files = (
			);
			runOnlyForDeploymentPostprocessing = 0;
		};
		6BACBEFF290C6DCA00419F86 /* Resources */ = {
			isa = PBXResourcesBuildPhase;
			buildActionMask = 2147483647;
			files = (
			);
			runOnlyForDeploymentPostprocessing = 0;
		};
/* End PBXResourcesBuildPhase section */

/* Begin PBXShellScriptBuildPhase section */
		3F8A2FE68BD7E0C5AEDEE69B /* [CP] Check Pods Manifest.lock */ = {
			isa = PBXShellScriptBuildPhase;
			buildActionMask = 2147483647;
			files = (
			);
			inputFileListPaths = (
			);
			inputPaths = (
				"${PODS_PODFILE_DIR_PATH}/Podfile.lock",
				"${PODS_ROOT}/Manifest.lock",
			);
			name = "[CP] Check Pods Manifest.lock";
			outputFileListPaths = (
			);
			outputPaths = (
				"$(DERIVED_FILE_DIR)/Pods-FrontendAppKit-FrontendAppKitTests-checkManifestLockResult.txt",
			);
			runOnlyForDeploymentPostprocessing = 0;
			shellPath = /bin/sh;
			shellScript = "diff \"${PODS_PODFILE_DIR_PATH}/Podfile.lock\" \"${PODS_ROOT}/Manifest.lock\" > /dev/null\nif [ $? != 0 ] ; then\n    # print error to STDERR\n    echo \"error: The sandbox is not in sync with the Podfile.lock. Run 'pod install' or update your CocoaPods installation.\" >&2\n    exit 1\nfi\n# This output is used by Xcode 'outputs' to avoid re-running this script phase.\necho \"SUCCESS\" > \"${SCRIPT_OUTPUT_FILE_0}\"\n";
			showEnvVarsInLog = 0;
		};
		6141ECBE4BB9368B4E779C28 /* [CP] Check Pods Manifest.lock */ = {
			isa = PBXShellScriptBuildPhase;
			buildActionMask = 2147483647;
			files = (
			);
			inputFileListPaths = (
			);
			inputPaths = (
				"${PODS_PODFILE_DIR_PATH}/Podfile.lock",
				"${PODS_ROOT}/Manifest.lock",
			);
			name = "[CP] Check Pods Manifest.lock";
			outputFileListPaths = (
			);
			outputPaths = (
				"$(DERIVED_FILE_DIR)/Pods-CommonKit-checkManifestLockResult.txt",
			);
			runOnlyForDeploymentPostprocessing = 0;
			shellPath = /bin/sh;
			shellScript = "diff \"${PODS_PODFILE_DIR_PATH}/Podfile.lock\" \"${PODS_ROOT}/Manifest.lock\" > /dev/null\nif [ $? != 0 ] ; then\n    # print error to STDERR\n    echo \"error: The sandbox is not in sync with the Podfile.lock. Run 'pod install' or update your CocoaPods installation.\" >&2\n    exit 1\nfi\n# This output is used by Xcode 'outputs' to avoid re-running this script phase.\necho \"SUCCESS\" > \"${SCRIPT_OUTPUT_FILE_0}\"\n";
			showEnvVarsInLog = 0;
		};
		9719FCAA0D9233E8490B0180 /* [CP] Check Pods Manifest.lock */ = {
			isa = PBXShellScriptBuildPhase;
			buildActionMask = 2147483647;
			files = (
			);
			inputFileListPaths = (
			);
			inputPaths = (
				"${PODS_PODFILE_DIR_PATH}/Podfile.lock",
				"${PODS_ROOT}/Manifest.lock",
			);
			name = "[CP] Check Pods Manifest.lock";
			outputFileListPaths = (
			);
			outputPaths = (
				"$(DERIVED_FILE_DIR)/Pods-MovieBuff-checkManifestLockResult.txt",
			);
			runOnlyForDeploymentPostprocessing = 0;
			shellPath = /bin/sh;
			shellScript = "diff \"${PODS_PODFILE_DIR_PATH}/Podfile.lock\" \"${PODS_ROOT}/Manifest.lock\" > /dev/null\nif [ $? != 0 ] ; then\n    # print error to STDERR\n    echo \"error: The sandbox is not in sync with the Podfile.lock. Run 'pod install' or update your CocoaPods installation.\" >&2\n    exit 1\nfi\n# This output is used by Xcode 'outputs' to avoid re-running this script phase.\necho \"SUCCESS\" > \"${SCRIPT_OUTPUT_FILE_0}\"\n";
			showEnvVarsInLog = 0;
		};
		C872DFFB7AD2D0468457840C /* [CP] Embed Pods Frameworks */ = {
			isa = PBXShellScriptBuildPhase;
			buildActionMask = 2147483647;
			files = (
			);
			inputFileListPaths = (
				"${PODS_ROOT}/Target Support Files/Pods-FrontendAppKit-FrontendAppKitTests/Pods-FrontendAppKit-FrontendAppKitTests-frameworks-${CONFIGURATION}-input-files.xcfilelist",
			);
			name = "[CP] Embed Pods Frameworks";
			outputFileListPaths = (
				"${PODS_ROOT}/Target Support Files/Pods-FrontendAppKit-FrontendAppKitTests/Pods-FrontendAppKit-FrontendAppKitTests-frameworks-${CONFIGURATION}-output-files.xcfilelist",
			);
			runOnlyForDeploymentPostprocessing = 0;
			shellPath = /bin/sh;
			shellScript = "\"${PODS_ROOT}/Target Support Files/Pods-FrontendAppKit-FrontendAppKitTests/Pods-FrontendAppKit-FrontendAppKitTests-frameworks.sh\"\n";
			showEnvVarsInLog = 0;
		};
		DF9BE4B0E3B4E31B8E4BA5BB /* [CP] Embed Pods Frameworks */ = {
			isa = PBXShellScriptBuildPhase;
			buildActionMask = 2147483647;
			files = (
			);
			inputFileListPaths = (
				"${PODS_ROOT}/Target Support Files/Pods-MovieBuff/Pods-MovieBuff-frameworks-${CONFIGURATION}-input-files.xcfilelist",
			);
			name = "[CP] Embed Pods Frameworks";
			outputFileListPaths = (
				"${PODS_ROOT}/Target Support Files/Pods-MovieBuff/Pods-MovieBuff-frameworks-${CONFIGURATION}-output-files.xcfilelist",
			);
			runOnlyForDeploymentPostprocessing = 0;
			shellPath = /bin/sh;
			shellScript = "\"${PODS_ROOT}/Target Support Files/Pods-MovieBuff/Pods-MovieBuff-frameworks.sh\"\n";
			showEnvVarsInLog = 0;
		};
		FB3DC51C837E7ECCC583177F /* [CP] Check Pods Manifest.lock */ = {
			isa = PBXShellScriptBuildPhase;
			buildActionMask = 2147483647;
			files = (
			);
			inputFileListPaths = (
			);
			inputPaths = (
				"${PODS_PODFILE_DIR_PATH}/Podfile.lock",
				"${PODS_ROOT}/Manifest.lock",
			);
			name = "[CP] Check Pods Manifest.lock";
			outputFileListPaths = (
			);
			outputPaths = (
				"$(DERIVED_FILE_DIR)/Pods-FrontendAppKit-checkManifestLockResult.txt",
			);
			runOnlyForDeploymentPostprocessing = 0;
			shellPath = /bin/sh;
			shellScript = "diff \"${PODS_PODFILE_DIR_PATH}/Podfile.lock\" \"${PODS_ROOT}/Manifest.lock\" > /dev/null\nif [ $? != 0 ] ; then\n    # print error to STDERR\n    echo \"error: The sandbox is not in sync with the Podfile.lock. Run 'pod install' or update your CocoaPods installation.\" >&2\n    exit 1\nfi\n# This output is used by Xcode 'outputs' to avoid re-running this script phase.\necho \"SUCCESS\" > \"${SCRIPT_OUTPUT_FILE_0}\"\n";
			showEnvVarsInLog = 0;
		};
/* End PBXShellScriptBuildPhase section */

/* Begin PBXSourcesBuildPhase section */
		6B8CE604290C672D009B8337 /* Sources */ = {
			isa = PBXSourcesBuildPhase;
			buildActionMask = 2147483647;
			files = (
				6B8CE60C290C672D009B8337 /* AppDelegate.swift in Sources */,
				6B8CE662290C6D34009B8337 /* AppContext.swift in Sources */,
				6B8CE60E290C672D009B8337 /* SceneDelegate.swift in Sources */,
			);
			runOnlyForDeploymentPostprocessing = 0;
		};
		6B8CE63C290C69A8009B8337 /* Sources */ = {
			isa = PBXSourcesBuildPhase;
			buildActionMask = 2147483647;
			files = (
				6B8C7740290D846E00317023 /* SearchButtonTableCell.swift in Sources */,
				6BB36CE629184FC800BD250D /* DataStore+Manager+Impl.swift in Sources */,
				6BE33B2A2913619C005C9DC6 /* RatingButtonView.swift in Sources */,
				6B8C773C290D69D500317023 /* CollectionViewMovieTableCell.swift in Sources */,
				6B7F526F290E095800C28F44 /* KeyfactView.swift in Sources */,
				6BB36CE429184FBE00BD250D /* DataStore+Manager.swift in Sources */,
				6BC88B8D29180B3400DD9D77 /* CommonControls.swift in Sources */,
				6B2F62802915EC1000C281AD /* BackgroundView.swift in Sources */,
				6BB36CB22918489A00BD250D /* Home.swift in Sources */,
				6BF2B3DA290C99B000581082 /* TestVCViewController.swift in Sources */,
				6B7F526D290DFBE700C28F44 /* RatingView.swift in Sources */,
				6BB36CE829185BC500BD250D /* RootContext.swift in Sources */,
				6BCF4CA0290DB11400FB041A /* Details.swift in Sources */,
				6BCF4CA2290DB13A00FB041A /* Details+VC.swift in Sources */,
				6BF2B3D1290C80B900581082 /* HomeViewController.swift in Sources */,
				6BF2B3D4290C886F00581082 /* MovieTableCell.swift in Sources */,
				6BC88B922918263600DD9D77 /* SeeAllCollectionCell.swift in Sources */,
				6BB36CE129184EFC00BD250D /* DataStore.swift in Sources */,
				6BF2B3DF290CA04100581082 /* Styles.swift in Sources */,
				6B223BF32913048B00592202 /* PillListView.swift in Sources */,
				6BB36CC42918496000BD250D /* Home+VM+Impl.swift in Sources */,
				6BE33B2829135530005C9DC6 /* SearchViewController.swift in Sources */,
				6B96AA04290D623200046F86 /* MovieCollectionCell.swift in Sources */,
				6B223BEB2913011800592202 /* PillLabel.swift in Sources */,
				6BDE135029136EC100E82682 /* RatingCollectionCell.swift in Sources */,
				6BB36CAE2918486800BD250D /* Home+VM.swift in Sources */,
				6BB36CD929184BC400BD250D /* Movie.swift in Sources */,
				6BACBF13290C747200419F86 /* SearchTableViewController.swift in Sources */,
				6B7F526B290DF95F00C28F44 /* CustomImageButtonView.swift in Sources */,
				6B7F5269290DF46600C28F44 /* CustomImageView.swift in Sources */,
				6BF2B3D8290C91E700581082 /* FavoritesButton.swift in Sources */,
			);
			runOnlyForDeploymentPostprocessing = 0;
		};
		6B8CE643290C69A9009B8337 /* Sources */ = {
			isa = PBXSourcesBuildPhase;
			buildActionMask = 2147483647;
			files = (
				6B8CE64F290C69A9009B8337 /* FrontendAppKitTests.swift in Sources */,
			);
			runOnlyForDeploymentPostprocessing = 0;
		};
		6BACBEFD290C6DCA00419F86 /* Sources */ = {
			isa = PBXSourcesBuildPhase;
			buildActionMask = 2147483647;
			files = (
				6BACBF0D290C6DD800419F86 /* Swinject+Additions.swift in Sources */,
			);
			runOnlyForDeploymentPostprocessing = 0;
		};
/* End PBXSourcesBuildPhase section */

/* Begin PBXTargetDependency section */
		6B8CE64A290C69A9009B8337 /* PBXTargetDependency */ = {
			isa = PBXTargetDependency;
			target = 6B8CE63F290C69A8009B8337 /* FrontendAppKit */;
			targetProxy = 6B8CE649290C69A9009B8337 /* PBXContainerItemProxy */;
		};
		6B8CE64C290C69A9009B8337 /* PBXTargetDependency */ = {
			isa = PBXTargetDependency;
			target = 6B8CE607290C672D009B8337 /* MovieBuff */;
			targetProxy = 6B8CE64B290C69A9009B8337 /* PBXContainerItemProxy */;
		};
		6B8CE652290C69A9009B8337 /* PBXTargetDependency */ = {
			isa = PBXTargetDependency;
			target = 6B8CE63F290C69A8009B8337 /* FrontendAppKit */;
			targetProxy = 6B8CE651290C69A9009B8337 /* PBXContainerItemProxy */;
		};
		6BACBF06290C6DCA00419F86 /* PBXTargetDependency */ = {
			isa = PBXTargetDependency;
			target = 6BACBF00290C6DCA00419F86 /* CommonKit */;
			targetProxy = 6BACBF05290C6DCA00419F86 /* PBXContainerItemProxy */;
		};
/* End PBXTargetDependency section */

/* Begin PBXVariantGroup section */
		6B8CE616290C672F009B8337 /* LaunchScreen.storyboard */ = {
			isa = PBXVariantGroup;
			children = (
				6B8CE617290C672F009B8337 /* Base */,
			);
			name = LaunchScreen.storyboard;
			sourceTree = "<group>";
		};
/* End PBXVariantGroup section */

/* Begin XCBuildConfiguration section */
		6B8CE630290C6730009B8337 /* Debug */ = {
			isa = XCBuildConfiguration;
			buildSettings = {
				ALWAYS_SEARCH_USER_PATHS = NO;
				CLANG_ANALYZER_NONNULL = YES;
				CLANG_ANALYZER_NUMBER_OBJECT_CONVERSION = YES_AGGRESSIVE;
				CLANG_CXX_LANGUAGE_STANDARD = "gnu++17";
				CLANG_ENABLE_MODULES = YES;
				CLANG_ENABLE_OBJC_ARC = YES;
				CLANG_ENABLE_OBJC_WEAK = YES;
				CLANG_WARN_BLOCK_CAPTURE_AUTORELEASING = YES;
				CLANG_WARN_BOOL_CONVERSION = YES;
				CLANG_WARN_COMMA = YES;
				CLANG_WARN_CONSTANT_CONVERSION = YES;
				CLANG_WARN_DEPRECATED_OBJC_IMPLEMENTATIONS = YES;
				CLANG_WARN_DIRECT_OBJC_ISA_USAGE = YES_ERROR;
				CLANG_WARN_DOCUMENTATION_COMMENTS = YES;
				CLANG_WARN_EMPTY_BODY = YES;
				CLANG_WARN_ENUM_CONVERSION = YES;
				CLANG_WARN_INFINITE_RECURSION = YES;
				CLANG_WARN_INT_CONVERSION = YES;
				CLANG_WARN_NON_LITERAL_NULL_CONVERSION = YES;
				CLANG_WARN_OBJC_IMPLICIT_RETAIN_SELF = YES;
				CLANG_WARN_OBJC_LITERAL_CONVERSION = YES;
				CLANG_WARN_OBJC_ROOT_CLASS = YES_ERROR;
				CLANG_WARN_QUOTED_INCLUDE_IN_FRAMEWORK_HEADER = YES;
				CLANG_WARN_RANGE_LOOP_ANALYSIS = YES;
				CLANG_WARN_STRICT_PROTOTYPES = YES;
				CLANG_WARN_SUSPICIOUS_MOVE = YES;
				CLANG_WARN_UNGUARDED_AVAILABILITY = YES_AGGRESSIVE;
				CLANG_WARN_UNREACHABLE_CODE = YES;
				CLANG_WARN__DUPLICATE_METHOD_MATCH = YES;
				COPY_PHASE_STRIP = NO;
				DEBUG_INFORMATION_FORMAT = dwarf;
				ENABLE_STRICT_OBJC_MSGSEND = YES;
				ENABLE_TESTABILITY = YES;
				GCC_C_LANGUAGE_STANDARD = gnu11;
				GCC_DYNAMIC_NO_PIC = NO;
				GCC_NO_COMMON_BLOCKS = YES;
				GCC_OPTIMIZATION_LEVEL = 0;
				GCC_PREPROCESSOR_DEFINITIONS = (
					"DEBUG=1",
					"$(inherited)",
				);
				GCC_WARN_64_TO_32_BIT_CONVERSION = YES;
				GCC_WARN_ABOUT_RETURN_TYPE = YES_ERROR;
				GCC_WARN_UNDECLARED_SELECTOR = YES;
				GCC_WARN_UNINITIALIZED_AUTOS = YES_AGGRESSIVE;
				GCC_WARN_UNUSED_FUNCTION = YES;
				GCC_WARN_UNUSED_VARIABLE = YES;
				IPHONEOS_DEPLOYMENT_TARGET = 15.5;
				MTL_ENABLE_DEBUG_INFO = INCLUDE_SOURCE;
				MTL_FAST_MATH = YES;
				ONLY_ACTIVE_ARCH = YES;
				SDKROOT = iphoneos;
				SWIFT_ACTIVE_COMPILATION_CONDITIONS = DEBUG;
				SWIFT_OPTIMIZATION_LEVEL = "-Onone";
			};
			name = Debug;
		};
		6B8CE631290C6730009B8337 /* Release */ = {
			isa = XCBuildConfiguration;
			buildSettings = {
				ALWAYS_SEARCH_USER_PATHS = NO;
				CLANG_ANALYZER_NONNULL = YES;
				CLANG_ANALYZER_NUMBER_OBJECT_CONVERSION = YES_AGGRESSIVE;
				CLANG_CXX_LANGUAGE_STANDARD = "gnu++17";
				CLANG_ENABLE_MODULES = YES;
				CLANG_ENABLE_OBJC_ARC = YES;
				CLANG_ENABLE_OBJC_WEAK = YES;
				CLANG_WARN_BLOCK_CAPTURE_AUTORELEASING = YES;
				CLANG_WARN_BOOL_CONVERSION = YES;
				CLANG_WARN_COMMA = YES;
				CLANG_WARN_CONSTANT_CONVERSION = YES;
				CLANG_WARN_DEPRECATED_OBJC_IMPLEMENTATIONS = YES;
				CLANG_WARN_DIRECT_OBJC_ISA_USAGE = YES_ERROR;
				CLANG_WARN_DOCUMENTATION_COMMENTS = YES;
				CLANG_WARN_EMPTY_BODY = YES;
				CLANG_WARN_ENUM_CONVERSION = YES;
				CLANG_WARN_INFINITE_RECURSION = YES;
				CLANG_WARN_INT_CONVERSION = YES;
				CLANG_WARN_NON_LITERAL_NULL_CONVERSION = YES;
				CLANG_WARN_OBJC_IMPLICIT_RETAIN_SELF = YES;
				CLANG_WARN_OBJC_LITERAL_CONVERSION = YES;
				CLANG_WARN_OBJC_ROOT_CLASS = YES_ERROR;
				CLANG_WARN_QUOTED_INCLUDE_IN_FRAMEWORK_HEADER = YES;
				CLANG_WARN_RANGE_LOOP_ANALYSIS = YES;
				CLANG_WARN_STRICT_PROTOTYPES = YES;
				CLANG_WARN_SUSPICIOUS_MOVE = YES;
				CLANG_WARN_UNGUARDED_AVAILABILITY = YES_AGGRESSIVE;
				CLANG_WARN_UNREACHABLE_CODE = YES;
				CLANG_WARN__DUPLICATE_METHOD_MATCH = YES;
				COPY_PHASE_STRIP = NO;
				DEBUG_INFORMATION_FORMAT = "dwarf-with-dsym";
				ENABLE_NS_ASSERTIONS = NO;
				ENABLE_STRICT_OBJC_MSGSEND = YES;
				GCC_C_LANGUAGE_STANDARD = gnu11;
				GCC_NO_COMMON_BLOCKS = YES;
				GCC_WARN_64_TO_32_BIT_CONVERSION = YES;
				GCC_WARN_ABOUT_RETURN_TYPE = YES_ERROR;
				GCC_WARN_UNDECLARED_SELECTOR = YES;
				GCC_WARN_UNINITIALIZED_AUTOS = YES_AGGRESSIVE;
				GCC_WARN_UNUSED_FUNCTION = YES;
				GCC_WARN_UNUSED_VARIABLE = YES;
				IPHONEOS_DEPLOYMENT_TARGET = 15.5;
				MTL_ENABLE_DEBUG_INFO = NO;
				MTL_FAST_MATH = YES;
				SDKROOT = iphoneos;
				SWIFT_COMPILATION_MODE = wholemodule;
				SWIFT_OPTIMIZATION_LEVEL = "-O";
				VALIDATE_PRODUCT = YES;
			};
			name = Release;
		};
		6B8CE633290C6730009B8337 /* Debug */ = {
			isa = XCBuildConfiguration;
			baseConfigurationReference = 2C546FE926E091F4692BB92E /* Pods-MovieBuff.debug.xcconfig */;
			buildSettings = {
				ALWAYS_EMBED_SWIFT_STANDARD_LIBRARIES = YES;
				ASSETCATALOG_COMPILER_APPICON_NAME = AppIcon;
				ASSETCATALOG_COMPILER_GLOBAL_ACCENT_COLOR_NAME = AccentColor;
				CODE_SIGN_STYLE = Automatic;
				CURRENT_PROJECT_VERSION = 1;
				DEVELOPMENT_TEAM = 6L62AD8NJU;
				GENERATE_INFOPLIST_FILE = YES;
				INFOPLIST_FILE = MovieBuff/Info.plist;
				INFOPLIST_KEY_UIApplicationSupportsIndirectInputEvents = YES;
				INFOPLIST_KEY_UILaunchStoryboardName = LaunchScreen;
				INFOPLIST_KEY_UISupportedInterfaceOrientations_iPad = "UIInterfaceOrientationPortrait UIInterfaceOrientationPortraitUpsideDown UIInterfaceOrientationLandscapeLeft UIInterfaceOrientationLandscapeRight";
				INFOPLIST_KEY_UISupportedInterfaceOrientations_iPhone = "UIInterfaceOrientationPortrait UIInterfaceOrientationLandscapeLeft UIInterfaceOrientationLandscapeRight";
				LD_RUNPATH_SEARCH_PATHS = (
					"$(inherited)",
					"@executable_path/Frameworks",
				);
				MARKETING_VERSION = 1.0;
				PRODUCT_BUNDLE_IDENTIFIER = spatra.MovieBuff;
				PRODUCT_NAME = "$(TARGET_NAME)";
				SWIFT_EMIT_LOC_STRINGS = YES;
				SWIFT_VERSION = 5.0;
				TARGETED_DEVICE_FAMILY = 1;
			};
			name = Debug;
		};
		6B8CE634290C6730009B8337 /* Release */ = {
			isa = XCBuildConfiguration;
			baseConfigurationReference = 9FA264000C702C4E62268B43 /* Pods-MovieBuff.release.xcconfig */;
			buildSettings = {
				ALWAYS_EMBED_SWIFT_STANDARD_LIBRARIES = YES;
				ASSETCATALOG_COMPILER_APPICON_NAME = AppIcon;
				ASSETCATALOG_COMPILER_GLOBAL_ACCENT_COLOR_NAME = AccentColor;
				CODE_SIGN_STYLE = Automatic;
				CURRENT_PROJECT_VERSION = 1;
				DEVELOPMENT_TEAM = 6L62AD8NJU;
				GENERATE_INFOPLIST_FILE = YES;
				INFOPLIST_FILE = MovieBuff/Info.plist;
				INFOPLIST_KEY_UIApplicationSupportsIndirectInputEvents = YES;
				INFOPLIST_KEY_UILaunchStoryboardName = LaunchScreen;
				INFOPLIST_KEY_UISupportedInterfaceOrientations_iPad = "UIInterfaceOrientationPortrait UIInterfaceOrientationPortraitUpsideDown UIInterfaceOrientationLandscapeLeft UIInterfaceOrientationLandscapeRight";
				INFOPLIST_KEY_UISupportedInterfaceOrientations_iPhone = "UIInterfaceOrientationPortrait UIInterfaceOrientationLandscapeLeft UIInterfaceOrientationLandscapeRight";
				LD_RUNPATH_SEARCH_PATHS = (
					"$(inherited)",
					"@executable_path/Frameworks",
				);
				MARKETING_VERSION = 1.0;
				PRODUCT_BUNDLE_IDENTIFIER = spatra.MovieBuff;
				PRODUCT_NAME = "$(TARGET_NAME)";
				SWIFT_EMIT_LOC_STRINGS = YES;
				SWIFT_VERSION = 5.0;
				TARGETED_DEVICE_FAMILY = 1;
			};
			name = Release;
		};
		6B8CE656290C69A9009B8337 /* Debug */ = {
			isa = XCBuildConfiguration;
			baseConfigurationReference = F574F8F61F5D862565477E03 /* Pods-FrontendAppKit.debug.xcconfig */;
			buildSettings = {
				CLANG_ENABLE_MODULES = YES;
				CODE_SIGN_STYLE = Automatic;
				CURRENT_PROJECT_VERSION = 1;
				DEFINES_MODULE = YES;
				DEVELOPMENT_TEAM = 6L62AD8NJU;
				DYLIB_COMPATIBILITY_VERSION = 1;
				DYLIB_CURRENT_VERSION = 1;
				DYLIB_INSTALL_NAME_BASE = "@rpath";
				GENERATE_INFOPLIST_FILE = YES;
				INFOPLIST_KEY_NSHumanReadableCopyright = "";
				INSTALL_PATH = "$(LOCAL_LIBRARY_DIR)/Frameworks";
				LD_RUNPATH_SEARCH_PATHS = (
					"$(inherited)",
					"@executable_path/Frameworks",
					"@loader_path/Frameworks",
				);
				MARKETING_VERSION = 1.0;
				PRODUCT_BUNDLE_IDENTIFIER = spatra.FrontendAppKit;
				PRODUCT_NAME = "$(TARGET_NAME:c99extidentifier)";
				SKIP_INSTALL = YES;
				SWIFT_EMIT_LOC_STRINGS = YES;
				SWIFT_OPTIMIZATION_LEVEL = "-Onone";
				SWIFT_VERSION = 5.0;
				TARGETED_DEVICE_FAMILY = "1,2";
				VERSIONING_SYSTEM = "apple-generic";
				VERSION_INFO_PREFIX = "";
			};
			name = Debug;
		};
		6B8CE657290C69A9009B8337 /* Release */ = {
			isa = XCBuildConfiguration;
			baseConfigurationReference = 87C52ACD176435EFC7043230 /* Pods-FrontendAppKit.release.xcconfig */;
			buildSettings = {
				CLANG_ENABLE_MODULES = YES;
				CODE_SIGN_STYLE = Automatic;
				CURRENT_PROJECT_VERSION = 1;
				DEFINES_MODULE = YES;
				DEVELOPMENT_TEAM = 6L62AD8NJU;
				DYLIB_COMPATIBILITY_VERSION = 1;
				DYLIB_CURRENT_VERSION = 1;
				DYLIB_INSTALL_NAME_BASE = "@rpath";
				GENERATE_INFOPLIST_FILE = YES;
				INFOPLIST_KEY_NSHumanReadableCopyright = "";
				INSTALL_PATH = "$(LOCAL_LIBRARY_DIR)/Frameworks";
				LD_RUNPATH_SEARCH_PATHS = (
					"$(inherited)",
					"@executable_path/Frameworks",
					"@loader_path/Frameworks",
				);
				MARKETING_VERSION = 1.0;
				PRODUCT_BUNDLE_IDENTIFIER = spatra.FrontendAppKit;
				PRODUCT_NAME = "$(TARGET_NAME:c99extidentifier)";
				SKIP_INSTALL = YES;
				SWIFT_EMIT_LOC_STRINGS = YES;
				SWIFT_VERSION = 5.0;
				TARGETED_DEVICE_FAMILY = "1,2";
				VERSIONING_SYSTEM = "apple-generic";
				VERSION_INFO_PREFIX = "";
			};
			name = Release;
		};
		6B8CE65A290C69A9009B8337 /* Debug */ = {
			isa = XCBuildConfiguration;
			baseConfigurationReference = AC74A0F2ED4C2ACEDA207C0D /* Pods-FrontendAppKit-FrontendAppKitTests.debug.xcconfig */;
			buildSettings = {
				ALWAYS_EMBED_SWIFT_STANDARD_LIBRARIES = YES;
				CODE_SIGN_STYLE = Automatic;
				CURRENT_PROJECT_VERSION = 1;
				DEVELOPMENT_TEAM = 6L62AD8NJU;
				GENERATE_INFOPLIST_FILE = YES;
				MARKETING_VERSION = 1.0;
				PRODUCT_BUNDLE_IDENTIFIER = spatra.FrontendAppKitTests;
				PRODUCT_NAME = "$(TARGET_NAME)";
				SWIFT_EMIT_LOC_STRINGS = NO;
				SWIFT_VERSION = 5.0;
				TARGETED_DEVICE_FAMILY = "1,2";
				TEST_HOST = "$(BUILT_PRODUCTS_DIR)/MovieBuff.app/MovieBuff";
			};
			name = Debug;
		};
		6B8CE65B290C69A9009B8337 /* Release */ = {
			isa = XCBuildConfiguration;
			baseConfigurationReference = 3AC6026DDC7493F6C1F40E13 /* Pods-FrontendAppKit-FrontendAppKitTests.release.xcconfig */;
			buildSettings = {
				ALWAYS_EMBED_SWIFT_STANDARD_LIBRARIES = YES;
				CODE_SIGN_STYLE = Automatic;
				CURRENT_PROJECT_VERSION = 1;
				DEVELOPMENT_TEAM = 6L62AD8NJU;
				GENERATE_INFOPLIST_FILE = YES;
				MARKETING_VERSION = 1.0;
				PRODUCT_BUNDLE_IDENTIFIER = spatra.FrontendAppKitTests;
				PRODUCT_NAME = "$(TARGET_NAME)";
				SWIFT_EMIT_LOC_STRINGS = NO;
				SWIFT_VERSION = 5.0;
				TARGETED_DEVICE_FAMILY = "1,2";
				TEST_HOST = "$(BUILT_PRODUCTS_DIR)/MovieBuff.app/MovieBuff";
			};
			name = Release;
		};
		6BACBF09290C6DCA00419F86 /* Debug */ = {
			isa = XCBuildConfiguration;
			baseConfigurationReference = 59B8C216DCB9B5A95720EDD2 /* Pods-CommonKit.debug.xcconfig */;
			buildSettings = {
				CLANG_ENABLE_MODULES = YES;
				CODE_SIGN_STYLE = Automatic;
				CURRENT_PROJECT_VERSION = 1;
				DEFINES_MODULE = YES;
				DEVELOPMENT_TEAM = 6L62AD8NJU;
				DYLIB_COMPATIBILITY_VERSION = 1;
				DYLIB_CURRENT_VERSION = 1;
				DYLIB_INSTALL_NAME_BASE = "@rpath";
				GENERATE_INFOPLIST_FILE = YES;
				INFOPLIST_KEY_NSHumanReadableCopyright = "";
				INSTALL_PATH = "$(LOCAL_LIBRARY_DIR)/Frameworks";
				LD_RUNPATH_SEARCH_PATHS = (
					"$(inherited)",
					"@executable_path/Frameworks",
					"@loader_path/Frameworks",
				);
				MARKETING_VERSION = 1.0;
				PRODUCT_BUNDLE_IDENTIFIER = spatra.CommonKit;
				PRODUCT_NAME = "$(TARGET_NAME:c99extidentifier)";
				SKIP_INSTALL = YES;
				SWIFT_EMIT_LOC_STRINGS = YES;
				SWIFT_OPTIMIZATION_LEVEL = "-Onone";
				SWIFT_VERSION = 5.0;
				TARGETED_DEVICE_FAMILY = "1,2";
				VERSIONING_SYSTEM = "apple-generic";
				VERSION_INFO_PREFIX = "";
			};
			name = Debug;
		};
		6BACBF0A290C6DCA00419F86 /* Release */ = {
			isa = XCBuildConfiguration;
			baseConfigurationReference = E68AFE5FD5E4CF9D8622F30B /* Pods-CommonKit.release.xcconfig */;
			buildSettings = {
				CLANG_ENABLE_MODULES = YES;
				CODE_SIGN_STYLE = Automatic;
				CURRENT_PROJECT_VERSION = 1;
				DEFINES_MODULE = YES;
				DEVELOPMENT_TEAM = 6L62AD8NJU;
				DYLIB_COMPATIBILITY_VERSION = 1;
				DYLIB_CURRENT_VERSION = 1;
				DYLIB_INSTALL_NAME_BASE = "@rpath";
				GENERATE_INFOPLIST_FILE = YES;
				INFOPLIST_KEY_NSHumanReadableCopyright = "";
				INSTALL_PATH = "$(LOCAL_LIBRARY_DIR)/Frameworks";
				LD_RUNPATH_SEARCH_PATHS = (
					"$(inherited)",
					"@executable_path/Frameworks",
					"@loader_path/Frameworks",
				);
				MARKETING_VERSION = 1.0;
				PRODUCT_BUNDLE_IDENTIFIER = spatra.CommonKit;
				PRODUCT_NAME = "$(TARGET_NAME:c99extidentifier)";
				SKIP_INSTALL = YES;
				SWIFT_EMIT_LOC_STRINGS = YES;
				SWIFT_VERSION = 5.0;
				TARGETED_DEVICE_FAMILY = "1,2";
				VERSIONING_SYSTEM = "apple-generic";
				VERSION_INFO_PREFIX = "";
			};
			name = Release;
		};
/* End XCBuildConfiguration section */

/* Begin XCConfigurationList section */
		6B8CE603290C672D009B8337 /* Build configuration list for PBXProject "MovieBuff" */ = {
			isa = XCConfigurationList;
			buildConfigurations = (
				6B8CE630290C6730009B8337 /* Debug */,
				6B8CE631290C6730009B8337 /* Release */,
			);
			defaultConfigurationIsVisible = 0;
			defaultConfigurationName = Release;
		};
		6B8CE632290C6730009B8337 /* Build configuration list for PBXNativeTarget "MovieBuff" */ = {
			isa = XCConfigurationList;
			buildConfigurations = (
				6B8CE633290C6730009B8337 /* Debug */,
				6B8CE634290C6730009B8337 /* Release */,
			);
			defaultConfigurationIsVisible = 0;
			defaultConfigurationName = Release;
		};
		6B8CE655290C69A9009B8337 /* Build configuration list for PBXNativeTarget "FrontendAppKit" */ = {
			isa = XCConfigurationList;
			buildConfigurations = (
				6B8CE656290C69A9009B8337 /* Debug */,
				6B8CE657290C69A9009B8337 /* Release */,
			);
			defaultConfigurationIsVisible = 0;
			defaultConfigurationName = Release;
		};
		6B8CE659290C69A9009B8337 /* Build configuration list for PBXNativeTarget "FrontendAppKitTests" */ = {
			isa = XCConfigurationList;
			buildConfigurations = (
				6B8CE65A290C69A9009B8337 /* Debug */,
				6B8CE65B290C69A9009B8337 /* Release */,
			);
			defaultConfigurationIsVisible = 0;
			defaultConfigurationName = Release;
		};
		6BACBF0B290C6DCA00419F86 /* Build configuration list for PBXNativeTarget "CommonKit" */ = {
			isa = XCConfigurationList;
			buildConfigurations = (
				6BACBF09290C6DCA00419F86 /* Debug */,
				6BACBF0A290C6DCA00419F86 /* Release */,
			);
			defaultConfigurationIsVisible = 0;
			defaultConfigurationName = Release;
		};
/* End XCConfigurationList section */
	};
	rootObject = 6B8CE600290C672D009B8337 /* Project object */;
}
